// !$*UTF8*$!
{
	archiveVersion = 1;
	classes = {
	};
	objectVersion = 56;
	objects = {

/* Begin PBXBuildFile section */
		8F7181E22A552FE0009369A1 /* WeatherDemoUITests.swift in Sources */ = {isa = PBXBuildFile; fileRef = 8F7181E12A552FE0009369A1 /* WeatherDemoUITests.swift */; };
		8F7181E42A552FE0009369A1 /* WeatherDemoUITestsLaunchTests.swift in Sources */ = {isa = PBXBuildFile; fileRef = 8F7181E32A552FE0009369A1 /* WeatherDemoUITestsLaunchTests.swift */; };
		8FA6122E2A52CCEB00149552 /* Constants.swift in Sources */ = {isa = PBXBuildFile; fileRef = 8FA6122D2A52CCEB00149552 /* Constants.swift */; };
		8FEDB6152A542B2500883805 /* ForecastGroup.swift in Sources */ = {isa = PBXBuildFile; fileRef = 8FEDB6142A542B2500883805 /* ForecastGroup.swift */; };
		9133E8AF2937626A00EC0C71 /* AppDelegate.swift in Sources */ = {isa = PBXBuildFile; fileRef = 9133E8AE2937626A00EC0C71 /* AppDelegate.swift */; };
		9133E8B12937626A00EC0C71 /* SceneDelegate.swift in Sources */ = {isa = PBXBuildFile; fileRef = 9133E8B02937626A00EC0C71 /* SceneDelegate.swift */; };
		9133E8B32937626A00EC0C71 /* CityWeaherListViewController.swift in Sources */ = {isa = PBXBuildFile; fileRef = 9133E8B22937626A00EC0C71 /* CityWeaherListViewController.swift */; };
		9133E8B62937626A00EC0C71 /* Main.storyboard in Resources */ = {isa = PBXBuildFile; fileRef = 9133E8B42937626A00EC0C71 /* Main.storyboard */; };
		9133E8B82937626B00EC0C71 /* Assets.xcassets in Resources */ = {isa = PBXBuildFile; fileRef = 9133E8B72937626B00EC0C71 /* Assets.xcassets */; };
		9133E8BB2937626B00EC0C71 /* LaunchScreen.storyboard in Resources */ = {isa = PBXBuildFile; fileRef = 9133E8B92937626B00EC0C71 /* LaunchScreen.storyboard */; };
		91378B532945982D00CA8FBC /* CityWeatherTests.swift in Sources */ = {isa = PBXBuildFile; fileRef = 91378B522945982D00CA8FBC /* CityWeatherTests.swift */; };
		91378B5629459B9000CA8FBC /* CityWeather.swift in Sources */ = {isa = PBXBuildFile; fileRef = 91378B5529459B9000CA8FBC /* CityWeather.swift */; };
		91378B5829459C9400CA8FBC /* CityWeatherListViewControllerTests.swift in Sources */ = {isa = PBXBuildFile; fileRef = 91378B5729459C9400CA8FBC /* CityWeatherListViewControllerTests.swift */; };
		9144E593294749CF00C4E2C5 /* CityWeatherTableViewCell.swift in Sources */ = {isa = PBXBuildFile; fileRef = 9144E591294749CF00C4E2C5 /* CityWeatherTableViewCell.swift */; };
		9144E594294749CF00C4E2C5 /* CityWeatherTableViewCell.xib in Resources */ = {isa = PBXBuildFile; fileRef = 9144E592294749CF00C4E2C5 /* CityWeatherTableViewCell.xib */; };
		914841A829A507C4006AD580 /* WeatherForecastViewControllerTests.swift in Sources */ = {isa = PBXBuildFile; fileRef = 914841A729A507C4006AD580 /* WeatherForecastViewControllerTests.swift */; };
		914841AB29A50887006AD580 /* WeatherForecastViewController.swift in Sources */ = {isa = PBXBuildFile; fileRef = 914841AA29A50887006AD580 /* WeatherForecastViewController.swift */; };
		914841AD29A5271F006AD580 /* MainRouter.swift in Sources */ = {isa = PBXBuildFile; fileRef = 914841AC29A5271F006AD580 /* MainRouter.swift */; };
		91516479299A788700F5A7DF /* URLImageLoader.swift in Sources */ = {isa = PBXBuildFile; fileRef = 91516478299A788700F5A7DF /* URLImageLoader.swift */; };
		9151647B299A7BD700F5A7DF /* UIImageViewPublicExtension.swift in Sources */ = {isa = PBXBuildFile; fileRef = 9151647A299A7BD700F5A7DF /* UIImageViewPublicExtension.swift */; };
		9155F2BB29A63D2000DC65CE /* MainRouterTests.swift in Sources */ = {isa = PBXBuildFile; fileRef = 9155F2BA29A63D2000DC65CE /* MainRouterTests.swift */; };
		915F6CFA294D97AD00E4588B /* APIClientsTests.swift in Sources */ = {isa = PBXBuildFile; fileRef = 915F6CF9294D97AD00E4588B /* APIClientsTests.swift */; };
		91700FBB29781D8800E0A192 /* UIImageViewTests.swift in Sources */ = {isa = PBXBuildFile; fileRef = 91700FBA29781D8800E0A192 /* UIImageViewTests.swift */; };
		91757D1029B4622500854EE4 /* WeatherForecastViewModel.swift in Sources */ = {isa = PBXBuildFile; fileRef = 91757D0F29B4622500854EE4 /* WeatherForecastViewModel.swift */; };
		917F046429BD971400097938 /* MockURLSession.swift in Sources */ = {isa = PBXBuildFile; fileRef = 917F046329BD971400097938 /* MockURLSession.swift */; };
		9197BB6F296EC300003098C4 /* UIImageViewExtension.swift in Sources */ = {isa = PBXBuildFile; fileRef = 9197BB6E296EC300003098C4 /* UIImageViewExtension.swift */; };
		91AABA0B29EBB68200102DD0 /* WeatherForecastTableViewCell.swift in Sources */ = {isa = PBXBuildFile; fileRef = 91AABA0929EBB68200102DD0 /* WeatherForecastTableViewCell.swift */; };
		91AABA0C29EBB68200102DD0 /* WeatherForecastTableViewCell.xib in Resources */ = {isa = PBXBuildFile; fileRef = 91AABA0A29EBB68200102DD0 /* WeatherForecastTableViewCell.xib */; };
		91B6DB0C2950C4210063E210 /* Constant.swift in Sources */ = {isa = PBXBuildFile; fileRef = 91B6DB0B2950C4210063E210 /* Constant.swift */; };
		91BF427A29E148E200AF851D /* WeatherForecast.swift in Sources */ = {isa = PBXBuildFile; fileRef = 91BF427929E148E200AF851D /* WeatherForecast.swift */; };
		91D3163929AF9BBC00553618 /* CityWeatherRouter.swift in Sources */ = {isa = PBXBuildFile; fileRef = 91D3163829AF9BBC00553618 /* CityWeatherRouter.swift */; };
		91D92ACA294A091B0024BC77 /* CityWeatherListViewModel.swift in Sources */ = {isa = PBXBuildFile; fileRef = 91D92AC9294A091B0024BC77 /* CityWeatherListViewModel.swift */; };
		91E3B47B29BA496F007643C8 /* ViewControllerFactory.swift in Sources */ = {isa = PBXBuildFile; fileRef = 91E3B47A29BA496F007643C8 /* ViewControllerFactory.swift */; };
		91F59D6A294B208900EA17A0 /* WeatherService.swift in Sources */ = {isa = PBXBuildFile; fileRef = 91F59D69294B208900EA17A0 /* WeatherService.swift */; };
		91F59D6C294B5B4000EA17A0 /* WeatherServiceTests.swift in Sources */ = {isa = PBXBuildFile; fileRef = 91F59D6B294B5B4000EA17A0 /* WeatherServiceTests.swift */; };
		91F59D6F294B5C3000EA17A0 /* APIClient.swift in Sources */ = {isa = PBXBuildFile; fileRef = 91F59D6E294B5C3000EA17A0 /* APIClient.swift */; };
/* End PBXBuildFile section */

/* Begin PBXContainerItemProxy section */
		8F7181E52A552FE0009369A1 /* PBXContainerItemProxy */ = {
			isa = PBXContainerItemProxy;
			containerPortal = 9133E8A32937626A00EC0C71 /* Project object */;
			proxyType = 1;
			remoteGlobalIDString = 9133E8AA2937626A00EC0C71;
			remoteInfo = WeatherDemo;
		};
		9133E8C22937626B00EC0C71 /* PBXContainerItemProxy */ = {
			isa = PBXContainerItemProxy;
			containerPortal = 9133E8A32937626A00EC0C71 /* Project object */;
			proxyType = 1;
			remoteGlobalIDString = 9133E8AA2937626A00EC0C71;
			remoteInfo = WeatherDemo;
		};
/* End PBXContainerItemProxy section */

/* Begin PBXFileReference section */
		8F7181DF2A552FE0009369A1 /* WeatherDemoUITests.xctest */ = {isa = PBXFileReference; explicitFileType = wrapper.cfbundle; includeInIndex = 0; path = WeatherDemoUITests.xctest; sourceTree = BUILT_PRODUCTS_DIR; };
		8F7181E12A552FE0009369A1 /* WeatherDemoUITests.swift */ = {isa = PBXFileReference; lastKnownFileType = sourcecode.swift; path = WeatherDemoUITests.swift; sourceTree = "<group>"; };
		8F7181E32A552FE0009369A1 /* WeatherDemoUITestsLaunchTests.swift */ = {isa = PBXFileReference; lastKnownFileType = sourcecode.swift; path = WeatherDemoUITestsLaunchTests.swift; sourceTree = "<group>"; };
		8FA6122D2A52CCEB00149552 /* Constants.swift */ = {isa = PBXFileReference; lastKnownFileType = sourcecode.swift; path = Constants.swift; sourceTree = "<group>"; };
		8FC4895E2A52E096009CE7E0 /* WeatherDemo.xctestplan */ = {isa = PBXFileReference; lastKnownFileType = text; path = WeatherDemo.xctestplan; sourceTree = "<group>"; };
		8FEDB6142A542B2500883805 /* ForecastGroup.swift */ = {isa = PBXFileReference; lastKnownFileType = sourcecode.swift; path = ForecastGroup.swift; sourceTree = "<group>"; };
		9133E8AB2937626A00EC0C71 /* WeatherDemo.app */ = {isa = PBXFileReference; explicitFileType = wrapper.application; includeInIndex = 0; path = WeatherDemo.app; sourceTree = BUILT_PRODUCTS_DIR; };
		9133E8AE2937626A00EC0C71 /* AppDelegate.swift */ = {isa = PBXFileReference; lastKnownFileType = sourcecode.swift; path = AppDelegate.swift; sourceTree = "<group>"; };
		9133E8B02937626A00EC0C71 /* SceneDelegate.swift */ = {isa = PBXFileReference; lastKnownFileType = sourcecode.swift; path = SceneDelegate.swift; sourceTree = "<group>"; };
		9133E8B22937626A00EC0C71 /* CityWeaherListViewController.swift */ = {isa = PBXFileReference; lastKnownFileType = sourcecode.swift; path = CityWeaherListViewController.swift; sourceTree = "<group>"; };
		9133E8B52937626A00EC0C71 /* Base */ = {isa = PBXFileReference; lastKnownFileType = file.storyboard; name = Base; path = Base.lproj/Main.storyboard; sourceTree = "<group>"; };
		9133E8B72937626B00EC0C71 /* Assets.xcassets */ = {isa = PBXFileReference; lastKnownFileType = folder.assetcatalog; path = Assets.xcassets; sourceTree = "<group>"; };
		9133E8BA2937626B00EC0C71 /* Base */ = {isa = PBXFileReference; lastKnownFileType = file.storyboard; name = Base; path = Base.lproj/LaunchScreen.storyboard; sourceTree = "<group>"; };
		9133E8BC2937626B00EC0C71 /* Info.plist */ = {isa = PBXFileReference; lastKnownFileType = text.plist.xml; path = Info.plist; sourceTree = "<group>"; };
		9133E8C12937626B00EC0C71 /* WeatherDemoTests.xctest */ = {isa = PBXFileReference; explicitFileType = wrapper.cfbundle; includeInIndex = 0; path = WeatherDemoTests.xctest; sourceTree = BUILT_PRODUCTS_DIR; };
		91378B522945982D00CA8FBC /* CityWeatherTests.swift */ = {isa = PBXFileReference; lastKnownFileType = sourcecode.swift; path = CityWeatherTests.swift; sourceTree = "<group>"; };
		91378B5529459B9000CA8FBC /* CityWeather.swift */ = {isa = PBXFileReference; lastKnownFileType = sourcecode.swift; path = CityWeather.swift; sourceTree = "<group>"; };
		91378B5729459C9400CA8FBC /* CityWeatherListViewControllerTests.swift */ = {isa = PBXFileReference; lastKnownFileType = sourcecode.swift; path = CityWeatherListViewControllerTests.swift; sourceTree = "<group>"; };
		9144E591294749CF00C4E2C5 /* CityWeatherTableViewCell.swift */ = {isa = PBXFileReference; lastKnownFileType = sourcecode.swift; path = CityWeatherTableViewCell.swift; sourceTree = "<group>"; };
		9144E592294749CF00C4E2C5 /* CityWeatherTableViewCell.xib */ = {isa = PBXFileReference; lastKnownFileType = file.xib; path = CityWeatherTableViewCell.xib; sourceTree = "<group>"; };
		914841A729A507C4006AD580 /* WeatherForecastViewControllerTests.swift */ = {isa = PBXFileReference; lastKnownFileType = sourcecode.swift; path = WeatherForecastViewControllerTests.swift; sourceTree = "<group>"; };
		914841AA29A50887006AD580 /* WeatherForecastViewController.swift */ = {isa = PBXFileReference; lastKnownFileType = sourcecode.swift; path = WeatherForecastViewController.swift; sourceTree = "<group>"; };
		914841AC29A5271F006AD580 /* MainRouter.swift */ = {isa = PBXFileReference; lastKnownFileType = sourcecode.swift; path = MainRouter.swift; sourceTree = "<group>"; };
		91516478299A788700F5A7DF /* URLImageLoader.swift */ = {isa = PBXFileReference; lastKnownFileType = sourcecode.swift; path = URLImageLoader.swift; sourceTree = "<group>"; };
		9151647A299A7BD700F5A7DF /* UIImageViewPublicExtension.swift */ = {isa = PBXFileReference; lastKnownFileType = sourcecode.swift; path = UIImageViewPublicExtension.swift; sourceTree = "<group>"; };
		9155F2BA29A63D2000DC65CE /* MainRouterTests.swift */ = {isa = PBXFileReference; lastKnownFileType = sourcecode.swift; path = MainRouterTests.swift; sourceTree = "<group>"; };
		915F6CF9294D97AD00E4588B /* APIClientsTests.swift */ = {isa = PBXFileReference; lastKnownFileType = sourcecode.swift; path = APIClientsTests.swift; sourceTree = "<group>"; };
		91700FBA29781D8800E0A192 /* UIImageViewTests.swift */ = {isa = PBXFileReference; lastKnownFileType = sourcecode.swift; path = UIImageViewTests.swift; sourceTree = "<group>"; };
		91757D0F29B4622500854EE4 /* WeatherForecastViewModel.swift */ = {isa = PBXFileReference; lastKnownFileType = sourcecode.swift; path = WeatherForecastViewModel.swift; sourceTree = "<group>"; };
		917F046329BD971400097938 /* MockURLSession.swift */ = {isa = PBXFileReference; lastKnownFileType = sourcecode.swift; path = MockURLSession.swift; sourceTree = "<group>"; };
		9197BB6E296EC300003098C4 /* UIImageViewExtension.swift */ = {isa = PBXFileReference; lastKnownFileType = sourcecode.swift; path = UIImageViewExtension.swift; sourceTree = "<group>"; };
		91AABA0929EBB68200102DD0 /* WeatherForecastTableViewCell.swift */ = {isa = PBXFileReference; lastKnownFileType = sourcecode.swift; path = WeatherForecastTableViewCell.swift; sourceTree = "<group>"; };
		91AABA0A29EBB68200102DD0 /* WeatherForecastTableViewCell.xib */ = {isa = PBXFileReference; lastKnownFileType = file.xib; path = WeatherForecastTableViewCell.xib; sourceTree = "<group>"; };
		91B6DB0B2950C4210063E210 /* Constant.swift */ = {isa = PBXFileReference; lastKnownFileType = sourcecode.swift; path = Constant.swift; sourceTree = "<group>"; };
		91BF427929E148E200AF851D /* WeatherForecast.swift */ = {isa = PBXFileReference; lastKnownFileType = sourcecode.swift; path = WeatherForecast.swift; sourceTree = "<group>"; };
		91D3163829AF9BBC00553618 /* CityWeatherRouter.swift */ = {isa = PBXFileReference; lastKnownFileType = sourcecode.swift; path = CityWeatherRouter.swift; sourceTree = "<group>"; };
		91D92AC9294A091B0024BC77 /* CityWeatherListViewModel.swift */ = {isa = PBXFileReference; lastKnownFileType = sourcecode.swift; path = CityWeatherListViewModel.swift; sourceTree = "<group>"; };
		91E3B47A29BA496F007643C8 /* ViewControllerFactory.swift */ = {isa = PBXFileReference; lastKnownFileType = sourcecode.swift; path = ViewControllerFactory.swift; sourceTree = "<group>"; };
		91F59D69294B208900EA17A0 /* WeatherService.swift */ = {isa = PBXFileReference; lastKnownFileType = sourcecode.swift; path = WeatherService.swift; sourceTree = "<group>"; };
		91F59D6B294B5B4000EA17A0 /* WeatherServiceTests.swift */ = {isa = PBXFileReference; lastKnownFileType = sourcecode.swift; path = WeatherServiceTests.swift; sourceTree = "<group>"; };
		91F59D6E294B5C3000EA17A0 /* APIClient.swift */ = {isa = PBXFileReference; lastKnownFileType = sourcecode.swift; path = APIClient.swift; sourceTree = "<group>"; };
/* End PBXFileReference section */

/* Begin PBXFrameworksBuildPhase section */
		8F7181DC2A552FE0009369A1 /* Frameworks */ = {
			isa = PBXFrameworksBuildPhase;
			buildActionMask = 2147483647;
			files = (
			);
			runOnlyForDeploymentPostprocessing = 0;
		};
		9133E8A82937626A00EC0C71 /* Frameworks */ = {
			isa = PBXFrameworksBuildPhase;
			buildActionMask = 2147483647;
			files = (
			);
			runOnlyForDeploymentPostprocessing = 0;
		};
		9133E8BE2937626B00EC0C71 /* Frameworks */ = {
			isa = PBXFrameworksBuildPhase;
			buildActionMask = 2147483647;
			files = (
			);
			runOnlyForDeploymentPostprocessing = 0;
		};
/* End PBXFrameworksBuildPhase section */

/* Begin PBXGroup section */
		8F7181E02A552FE0009369A1 /* WeatherDemoUITests */ = {
			isa = PBXGroup;
			children = (
				8F7181E12A552FE0009369A1 /* WeatherDemoUITests.swift */,
				8F7181E32A552FE0009369A1 /* WeatherDemoUITestsLaunchTests.swift */,
			);
			path = WeatherDemoUITests;
			sourceTree = "<group>";
		};
		9133E8A22937626A00EC0C71 = {
			isa = PBXGroup;
			children = (
				8FC4895E2A52E096009CE7E0 /* WeatherDemo.xctestplan */,
				9133E8AD2937626A00EC0C71 /* WeatherDemo */,
				9133E8C42937626B00EC0C71 /* WeatherDemoTests */,
				8F7181E02A552FE0009369A1 /* WeatherDemoUITests */,
				9133E8AC2937626A00EC0C71 /* Products */,
			);
			sourceTree = "<group>";
		};
		9133E8AC2937626A00EC0C71 /* Products */ = {
			isa = PBXGroup;
			children = (
				9133E8AB2937626A00EC0C71 /* WeatherDemo.app */,
				9133E8C12937626B00EC0C71 /* WeatherDemoTests.xctest */,
				8F7181DF2A552FE0009369A1 /* WeatherDemoUITests.xctest */,
			);
			name = Products;
			sourceTree = "<group>";
		};
		9133E8AD2937626A00EC0C71 /* WeatherDemo */ = {
			isa = PBXGroup;
			children = (
				91378B5429459B6B00CA8FBC /* Models */,
				91D5B2052946165600E2F93B /* Modules */,
				91F59D68294B206300EA17A0 /* Services */,
				91F59D6D294B5C0600EA17A0 /* APIClient */,
				9197BB6D296EC2D2003098C4 /* Utils */,
				9133E8AE2937626A00EC0C71 /* AppDelegate.swift */,
				9133E8B02937626A00EC0C71 /* SceneDelegate.swift */,
				914841AC29A5271F006AD580 /* MainRouter.swift */,
				91E3B47A29BA496F007643C8 /* ViewControllerFactory.swift */,
				91B6DB0B2950C4210063E210 /* Constant.swift */,
				9133E8B42937626A00EC0C71 /* Main.storyboard */,
				9133E8B72937626B00EC0C71 /* Assets.xcassets */,
				9133E8B92937626B00EC0C71 /* LaunchScreen.storyboard */,
				9133E8BC2937626B00EC0C71 /* Info.plist */,
			);
			path = WeatherDemo;
			sourceTree = "<group>";
		};
		9133E8C42937626B00EC0C71 /* WeatherDemoTests */ = {
			isa = PBXGroup;
			children = (
				91BEC2D729E837C800F79A57 /* Mocks */,
				9155F2BA29A63D2000DC65CE /* MainRouterTests.swift */,
				91378B522945982D00CA8FBC /* CityWeatherTests.swift */,
				91378B5729459C9400CA8FBC /* CityWeatherListViewControllerTests.swift */,
				91F59D6B294B5B4000EA17A0 /* WeatherServiceTests.swift */,
				915F6CF9294D97AD00E4588B /* APIClientsTests.swift */,
				91700FBA29781D8800E0A192 /* UIImageViewTests.swift */,
				914841A729A507C4006AD580 /* WeatherForecastViewControllerTests.swift */,
				917F046329BD971400097938 /* MockURLSession.swift */,
				8FA6122D2A52CCEB00149552 /* Constants.swift */,
			);
			path = WeatherDemoTests;
			sourceTree = "<group>";
		};
		91378B5429459B6B00CA8FBC /* Models */ = {
			isa = PBXGroup;
			children = (
				91378B5529459B9000CA8FBC /* CityWeather.swift */,
				91BF427929E148E200AF851D /* WeatherForecast.swift */,
				8FEDB6142A542B2500883805 /* ForecastGroup.swift */,
			);
			path = Models;
			sourceTree = "<group>";
		};
		914841A929A50850006AD580 /* WeatherForecast */ = {
			isa = PBXGroup;
			children = (
				914841AA29A50887006AD580 /* WeatherForecastViewController.swift */,
				91757D0F29B4622500854EE4 /* WeatherForecastViewModel.swift */,
				91AABA0929EBB68200102DD0 /* WeatherForecastTableViewCell.swift */,
				91AABA0A29EBB68200102DD0 /* WeatherForecastTableViewCell.xib */,
			);
			path = WeatherForecast;
			sourceTree = "<group>";
		};
		9197BB6D296EC2D2003098C4 /* Utils */ = {
			isa = PBXGroup;
			children = (
				9197BB6E296EC300003098C4 /* UIImageViewExtension.swift */,
				9151647A299A7BD700F5A7DF /* UIImageViewPublicExtension.swift */,
				91516478299A788700F5A7DF /* URLImageLoader.swift */,
			);
			path = Utils;
			sourceTree = "<group>";
		};
		91BEC2D729E837C800F79A57 /* Mocks */ = {
			isa = PBXGroup;
			children = (
			);
			path = Mocks;
			sourceTree = "<group>";
		};
		91D5B2052946165600E2F93B /* Modules */ = {
			isa = PBXGroup;
			children = (
				914841A929A50850006AD580 /* WeatherForecast */,
				91D5B2062946167700E2F93B /* CityWeatherList */,
			);
			path = Modules;
			sourceTree = "<group>";
		};
		91D5B2062946167700E2F93B /* CityWeatherList */ = {
			isa = PBXGroup;
			children = (
				9133E8B22937626A00EC0C71 /* CityWeaherListViewController.swift */,
				9144E591294749CF00C4E2C5 /* CityWeatherTableViewCell.swift */,
				9144E592294749CF00C4E2C5 /* CityWeatherTableViewCell.xib */,
				91D92AC9294A091B0024BC77 /* CityWeatherListViewModel.swift */,
				91D3163829AF9BBC00553618 /* CityWeatherRouter.swift */,
			);
			path = CityWeatherList;
			sourceTree = "<group>";
		};
		91F59D68294B206300EA17A0 /* Services */ = {
			isa = PBXGroup;
			children = (
				91F59D69294B208900EA17A0 /* WeatherService.swift */,
			);
			path = Services;
			sourceTree = "<group>";
		};
		91F59D6D294B5C0600EA17A0 /* APIClient */ = {
			isa = PBXGroup;
			children = (
				91F59D6E294B5C3000EA17A0 /* APIClient.swift */,
			);
			path = APIClient;
			sourceTree = "<group>";
		};
/* End PBXGroup section */

/* Begin PBXNativeTarget section */
		8F7181DE2A552FE0009369A1 /* WeatherDemoUITests */ = {
			isa = PBXNativeTarget;
			buildConfigurationList = 8F7181E72A552FE0009369A1 /* Build configuration list for PBXNativeTarget "WeatherDemoUITests" */;
			buildPhases = (
				8F7181DB2A552FE0009369A1 /* Sources */,
				8F7181DC2A552FE0009369A1 /* Frameworks */,
				8F7181DD2A552FE0009369A1 /* Resources */,
			);
			buildRules = (
			);
			dependencies = (
				8F7181E62A552FE0009369A1 /* PBXTargetDependency */,
			);
			name = WeatherDemoUITests;
			productName = WeatherDemoUITests;
			productReference = 8F7181DF2A552FE0009369A1 /* WeatherDemoUITests.xctest */;
			productType = "com.apple.product-type.bundle.ui-testing";
		};
		9133E8AA2937626A00EC0C71 /* WeatherDemo */ = {
			isa = PBXNativeTarget;
			buildConfigurationList = 9133E8D52937626B00EC0C71 /* Build configuration list for PBXNativeTarget "WeatherDemo" */;
			buildPhases = (
				9133E8A72937626A00EC0C71 /* Sources */,
				9133E8A82937626A00EC0C71 /* Frameworks */,
				9133E8A92937626A00EC0C71 /* Resources */,
			);
			buildRules = (
			);
			dependencies = (
			);
			name = WeatherDemo;
			productName = WeatherDemo;
			productReference = 9133E8AB2937626A00EC0C71 /* WeatherDemo.app */;
			productType = "com.apple.product-type.application";
		};
		9133E8C02937626B00EC0C71 /* WeatherDemoTests */ = {
			isa = PBXNativeTarget;
			buildConfigurationList = 9133E8D82937626B00EC0C71 /* Build configuration list for PBXNativeTarget "WeatherDemoTests" */;
			buildPhases = (
				9133E8BD2937626B00EC0C71 /* Sources */,
				9133E8BE2937626B00EC0C71 /* Frameworks */,
				9133E8BF2937626B00EC0C71 /* Resources */,
			);
			buildRules = (
			);
			dependencies = (
				9133E8C32937626B00EC0C71 /* PBXTargetDependency */,
			);
			name = WeatherDemoTests;
			productName = WeatherDemoTests;
			productReference = 9133E8C12937626B00EC0C71 /* WeatherDemoTests.xctest */;
			productType = "com.apple.product-type.bundle.unit-test";
		};
/* End PBXNativeTarget section */

/* Begin PBXProject section */
		9133E8A32937626A00EC0C71 /* Project object */ = {
			isa = PBXProject;
			attributes = {
				BuildIndependentTargetsInParallel = 1;
				LastSwiftUpdateCheck = 1430;
				LastUpgradeCheck = 1410;
				TargetAttributes = {
					8F7181DE2A552FE0009369A1 = {
						CreatedOnToolsVersion = 14.3.1;
						TestTargetID = 9133E8AA2937626A00EC0C71;
					};
					9133E8AA2937626A00EC0C71 = {
						CreatedOnToolsVersion = 14.1;
					};
					9133E8C02937626B00EC0C71 = {
						CreatedOnToolsVersion = 14.1;
						TestTargetID = 9133E8AA2937626A00EC0C71;
					};
				};
			};
			buildConfigurationList = 9133E8A62937626A00EC0C71 /* Build configuration list for PBXProject "WeatherDemo" */;
			compatibilityVersion = "Xcode 14.0";
			developmentRegion = en;
			hasScannedForEncodings = 0;
			knownRegions = (
				en,
				Base,
			);
			mainGroup = 9133E8A22937626A00EC0C71;
			productRefGroup = 9133E8AC2937626A00EC0C71 /* Products */;
			projectDirPath = "";
			projectRoot = "";
			targets = (
				9133E8AA2937626A00EC0C71 /* WeatherDemo */,
				9133E8C02937626B00EC0C71 /* WeatherDemoTests */,
				8F7181DE2A552FE0009369A1 /* WeatherDemoUITests */,
			);
		};
/* End PBXProject section */

/* Begin PBXResourcesBuildPhase section */
		8F7181DD2A552FE0009369A1 /* Resources */ = {
			isa = PBXResourcesBuildPhase;
			buildActionMask = 2147483647;
			files = (
			);
			runOnlyForDeploymentPostprocessing = 0;
		};
		9133E8A92937626A00EC0C71 /* Resources */ = {
			isa = PBXResourcesBuildPhase;
			buildActionMask = 2147483647;
			files = (
				9133E8BB2937626B00EC0C71 /* LaunchScreen.storyboard in Resources */,
				9144E594294749CF00C4E2C5 /* CityWeatherTableViewCell.xib in Resources */,
				9133E8B82937626B00EC0C71 /* Assets.xcassets in Resources */,
				91AABA0C29EBB68200102DD0 /* WeatherForecastTableViewCell.xib in Resources */,
				9133E8B62937626A00EC0C71 /* Main.storyboard in Resources */,
			);
			runOnlyForDeploymentPostprocessing = 0;
		};
		9133E8BF2937626B00EC0C71 /* Resources */ = {
			isa = PBXResourcesBuildPhase;
			buildActionMask = 2147483647;
			files = (
			);
			runOnlyForDeploymentPostprocessing = 0;
		};
/* End PBXResourcesBuildPhase section */

/* Begin PBXSourcesBuildPhase section */
		8F7181DB2A552FE0009369A1 /* Sources */ = {
			isa = PBXSourcesBuildPhase;
			buildActionMask = 2147483647;
			files = (
				8F7181E42A552FE0009369A1 /* WeatherDemoUITestsLaunchTests.swift in Sources */,
				8F7181E22A552FE0009369A1 /* WeatherDemoUITests.swift in Sources */,
			);
			runOnlyForDeploymentPostprocessing = 0;
		};
		9133E8A72937626A00EC0C71 /* Sources */ = {
			isa = PBXSourcesBuildPhase;
			buildActionMask = 2147483647;
			files = (
				91AABA0B29EBB68200102DD0 /* WeatherForecastTableViewCell.swift in Sources */,
				9197BB6F296EC300003098C4 /* UIImageViewExtension.swift in Sources */,
				8FEDB6152A542B2500883805 /* ForecastGroup.swift in Sources */,
				914841AD29A5271F006AD580 /* MainRouter.swift in Sources */,
				9133E8B32937626A00EC0C71 /* CityWeaherListViewController.swift in Sources */,
				91378B5629459B9000CA8FBC /* CityWeather.swift in Sources */,
				91B6DB0C2950C4210063E210 /* Constant.swift in Sources */,
				9133E8AF2937626A00EC0C71 /* AppDelegate.swift in Sources */,
				91F59D6F294B5C3000EA17A0 /* APIClient.swift in Sources */,
				9144E593294749CF00C4E2C5 /* CityWeatherTableViewCell.swift in Sources */,
				91516479299A788700F5A7DF /* URLImageLoader.swift in Sources */,
				91BF427A29E148E200AF851D /* WeatherForecast.swift in Sources */,
				9151647B299A7BD700F5A7DF /* UIImageViewPublicExtension.swift in Sources */,
				914841AB29A50887006AD580 /* WeatherForecastViewController.swift in Sources */,
				91E3B47B29BA496F007643C8 /* ViewControllerFactory.swift in Sources */,
				91D92ACA294A091B0024BC77 /* CityWeatherListViewModel.swift in Sources */,
				91757D1029B4622500854EE4 /* WeatherForecastViewModel.swift in Sources */,
				9133E8B12937626A00EC0C71 /* SceneDelegate.swift in Sources */,
				91F59D6A294B208900EA17A0 /* WeatherService.swift in Sources */,
				91D3163929AF9BBC00553618 /* CityWeatherRouter.swift in Sources */,
			);
			runOnlyForDeploymentPostprocessing = 0;
		};
		9133E8BD2937626B00EC0C71 /* Sources */ = {
			isa = PBXSourcesBuildPhase;
			buildActionMask = 2147483647;
			files = (
				8FA6122E2A52CCEB00149552 /* Constants.swift in Sources */,
				91378B5829459C9400CA8FBC /* CityWeatherListViewControllerTests.swift in Sources */,
				91700FBB29781D8800E0A192 /* UIImageViewTests.swift in Sources */,
				91378B532945982D00CA8FBC /* CityWeatherTests.swift in Sources */,
				91F59D6C294B5B4000EA17A0 /* WeatherServiceTests.swift in Sources */,
				914841A829A507C4006AD580 /* WeatherForecastViewControllerTests.swift in Sources */,
				915F6CFA294D97AD00E4588B /* APIClientsTests.swift in Sources */,
				917F046429BD971400097938 /* MockURLSession.swift in Sources */,
				9155F2BB29A63D2000DC65CE /* MainRouterTests.swift in Sources */,
			);
			runOnlyForDeploymentPostprocessing = 0;
		};
/* End PBXSourcesBuildPhase section */

/* Begin PBXTargetDependency section */
		8F7181E62A552FE0009369A1 /* PBXTargetDependency */ = {
			isa = PBXTargetDependency;
			target = 9133E8AA2937626A00EC0C71 /* WeatherDemo */;
			targetProxy = 8F7181E52A552FE0009369A1 /* PBXContainerItemProxy */;
		};
		9133E8C32937626B00EC0C71 /* PBXTargetDependency */ = {
			isa = PBXTargetDependency;
			target = 9133E8AA2937626A00EC0C71 /* WeatherDemo */;
			targetProxy = 9133E8C22937626B00EC0C71 /* PBXContainerItemProxy */;
		};
/* End PBXTargetDependency section */

/* Begin PBXVariantGroup section */
		9133E8B42937626A00EC0C71 /* Main.storyboard */ = {
			isa = PBXVariantGroup;
			children = (
				9133E8B52937626A00EC0C71 /* Base */,
			);
			name = Main.storyboard;
			sourceTree = "<group>";
		};
		9133E8B92937626B00EC0C71 /* LaunchScreen.storyboard */ = {
			isa = PBXVariantGroup;
			children = (
				9133E8BA2937626B00EC0C71 /* Base */,
			);
			name = LaunchScreen.storyboard;
			sourceTree = "<group>";
		};
/* End PBXVariantGroup section */

/* Begin XCBuildConfiguration section */
		8F7181E82A552FE0009369A1 /* Debug */ = {
			isa = XCBuildConfiguration;
			buildSettings = {
				CODE_SIGN_STYLE = Automatic;
				CURRENT_PROJECT_VERSION = 1;
				GENERATE_INFOPLIST_FILE = YES;
				IPHONEOS_DEPLOYMENT_TARGET = 16.4;
				MARKETING_VERSION = 1.0;
				PRODUCT_BUNDLE_IDENTIFIER = com.jsbank.zindigi.WeatherDemoUITests;
				PRODUCT_NAME = "$(TARGET_NAME)";
				SWIFT_EMIT_LOC_STRINGS = NO;
				SWIFT_VERSION = 5.0;
				TARGETED_DEVICE_FAMILY = "1,2";
				TEST_TARGET_NAME = WeatherDemo;
			};
			name = Debug;
		};
		8F7181E92A552FE0009369A1 /* Release */ = {
			isa = XCBuildConfiguration;
			buildSettings = {
				CODE_SIGN_STYLE = Automatic;
				CURRENT_PROJECT_VERSION = 1;
				GENERATE_INFOPLIST_FILE = YES;
				IPHONEOS_DEPLOYMENT_TARGET = 16.4;
				MARKETING_VERSION = 1.0;
				PRODUCT_BUNDLE_IDENTIFIER = com.jsbank.zindigi.WeatherDemoUITests;
				PRODUCT_NAME = "$(TARGET_NAME)";
				SWIFT_EMIT_LOC_STRINGS = NO;
				SWIFT_VERSION = 5.0;
				TARGETED_DEVICE_FAMILY = "1,2";
				TEST_TARGET_NAME = WeatherDemo;
			};
			name = Release;
		};
		9133E8D32937626B00EC0C71 /* Debug */ = {
			isa = XCBuildConfiguration;
			buildSettings = {
				ALWAYS_SEARCH_USER_PATHS = NO;
				CLANG_ANALYZER_NONNULL = YES;
				CLANG_ANALYZER_NUMBER_OBJECT_CONVERSION = YES_AGGRESSIVE;
				CLANG_CXX_LANGUAGE_STANDARD = "gnu++20";
				CLANG_ENABLE_MODULES = YES;
				CLANG_ENABLE_OBJC_ARC = YES;
				CLANG_ENABLE_OBJC_WEAK = YES;
				CLANG_WARN_BLOCK_CAPTURE_AUTORELEASING = YES;
				CLANG_WARN_BOOL_CONVERSION = YES;
				CLANG_WARN_COMMA = YES;
				CLANG_WARN_CONSTANT_CONVERSION = YES;
				CLANG_WARN_DEPRECATED_OBJC_IMPLEMENTATIONS = YES;
				CLANG_WARN_DIRECT_OBJC_ISA_USAGE = YES_ERROR;
				CLANG_WARN_DOCUMENTATION_COMMENTS = YES;
				CLANG_WARN_EMPTY_BODY = YES;
				CLANG_WARN_ENUM_CONVERSION = YES;
				CLANG_WARN_INFINITE_RECURSION = YES;
				CLANG_WARN_INT_CONVERSION = YES;
				CLANG_WARN_NON_LITERAL_NULL_CONVERSION = YES;
				CLANG_WARN_OBJC_IMPLICIT_RETAIN_SELF = YES;
				CLANG_WARN_OBJC_LITERAL_CONVERSION = YES;
				CLANG_WARN_OBJC_ROOT_CLASS = YES_ERROR;
				CLANG_WARN_QUOTED_INCLUDE_IN_FRAMEWORK_HEADER = YES;
				CLANG_WARN_RANGE_LOOP_ANALYSIS = YES;
				CLANG_WARN_STRICT_PROTOTYPES = YES;
				CLANG_WARN_SUSPICIOUS_MOVE = YES;
				CLANG_WARN_UNGUARDED_AVAILABILITY = YES_AGGRESSIVE;
				CLANG_WARN_UNREACHABLE_CODE = YES;
				CLANG_WARN__DUPLICATE_METHOD_MATCH = YES;
				COPY_PHASE_STRIP = NO;
				DEBUG_INFORMATION_FORMAT = dwarf;
				ENABLE_STRICT_OBJC_MSGSEND = YES;
				ENABLE_TESTABILITY = YES;
				GCC_C_LANGUAGE_STANDARD = gnu11;
				GCC_DYNAMIC_NO_PIC = NO;
				GCC_NO_COMMON_BLOCKS = YES;
				GCC_OPTIMIZATION_LEVEL = 0;
				GCC_PREPROCESSOR_DEFINITIONS = (
					"DEBUG=1",
					"$(inherited)",
				);
				GCC_WARN_64_TO_32_BIT_CONVERSION = YES;
				GCC_WARN_ABOUT_RETURN_TYPE = YES_ERROR;
				GCC_WARN_UNDECLARED_SELECTOR = YES;
				GCC_WARN_UNINITIALIZED_AUTOS = YES_AGGRESSIVE;
				GCC_WARN_UNUSED_FUNCTION = YES;
				GCC_WARN_UNUSED_VARIABLE = YES;
				IPHONEOS_DEPLOYMENT_TARGET = 16.1;
				MTL_ENABLE_DEBUG_INFO = INCLUDE_SOURCE;
				MTL_FAST_MATH = YES;
				ONLY_ACTIVE_ARCH = YES;
				SDKROOT = iphoneos;
				SWIFT_ACTIVE_COMPILATION_CONDITIONS = DEBUG;
				SWIFT_OPTIMIZATION_LEVEL = "-Onone";
			};
			name = Debug;
		};
		9133E8D42937626B00EC0C71 /* Release */ = {
			isa = XCBuildConfiguration;
			buildSettings = {
				ALWAYS_SEARCH_USER_PATHS = NO;
				CLANG_ANALYZER_NONNULL = YES;
				CLANG_ANALYZER_NUMBER_OBJECT_CONVERSION = YES_AGGRESSIVE;
				CLANG_CXX_LANGUAGE_STANDARD = "gnu++20";
				CLANG_ENABLE_MODULES = YES;
				CLANG_ENABLE_OBJC_ARC = YES;
				CLANG_ENABLE_OBJC_WEAK = YES;
				CLANG_WARN_BLOCK_CAPTURE_AUTORELEASING = YES;
				CLANG_WARN_BOOL_CONVERSION = YES;
				CLANG_WARN_COMMA = YES;
				CLANG_WARN_CONSTANT_CONVERSION = YES;
				CLANG_WARN_DEPRECATED_OBJC_IMPLEMENTATIONS = YES;
				CLANG_WARN_DIRECT_OBJC_ISA_USAGE = YES_ERROR;
				CLANG_WARN_DOCUMENTATION_COMMENTS = YES;
				CLANG_WARN_EMPTY_BODY = YES;
				CLANG_WARN_ENUM_CONVERSION = YES;
				CLANG_WARN_INFINITE_RECURSION = YES;
				CLANG_WARN_INT_CONVERSION = YES;
				CLANG_WARN_NON_LITERAL_NULL_CONVERSION = YES;
				CLANG_WARN_OBJC_IMPLICIT_RETAIN_SELF = YES;
				CLANG_WARN_OBJC_LITERAL_CONVERSION = YES;
				CLANG_WARN_OBJC_ROOT_CLASS = YES_ERROR;
				CLANG_WARN_QUOTED_INCLUDE_IN_FRAMEWORK_HEADER = YES;
				CLANG_WARN_RANGE_LOOP_ANALYSIS = YES;
				CLANG_WARN_STRICT_PROTOTYPES = YES;
				CLANG_WARN_SUSPICIOUS_MOVE = YES;
				CLANG_WARN_UNGUARDED_AVAILABILITY = YES_AGGRESSIVE;
				CLANG_WARN_UNREACHABLE_CODE = YES;
				CLANG_WARN__DUPLICATE_METHOD_MATCH = YES;
				COPY_PHASE_STRIP = NO;
				DEBUG_INFORMATION_FORMAT = "dwarf-with-dsym";
				ENABLE_NS_ASSERTIONS = NO;
				ENABLE_STRICT_OBJC_MSGSEND = YES;
				GCC_C_LANGUAGE_STANDARD = gnu11;
				GCC_NO_COMMON_BLOCKS = YES;
				GCC_WARN_64_TO_32_BIT_CONVERSION = YES;
				GCC_WARN_ABOUT_RETURN_TYPE = YES_ERROR;
				GCC_WARN_UNDECLARED_SELECTOR = YES;
				GCC_WARN_UNINITIALIZED_AUTOS = YES_AGGRESSIVE;
				GCC_WARN_UNUSED_FUNCTION = YES;
				GCC_WARN_UNUSED_VARIABLE = YES;
				IPHONEOS_DEPLOYMENT_TARGET = 16.1;
				MTL_ENABLE_DEBUG_INFO = NO;
				MTL_FAST_MATH = YES;
				SDKROOT = iphoneos;
				SWIFT_COMPILATION_MODE = wholemodule;
				SWIFT_OPTIMIZATION_LEVEL = "-O";
				VALIDATE_PRODUCT = YES;
			};
			name = Release;
		};
		9133E8D62937626B00EC0C71 /* Debug */ = {
			isa = XCBuildConfiguration;
			buildSettings = {
				ASSETCATALOG_COMPILER_APPICON_NAME = AppIcon;
				ASSETCATALOG_COMPILER_GLOBAL_ACCENT_COLOR_NAME = AccentColor;
				CODE_SIGN_STYLE = Automatic;
				CURRENT_PROJECT_VERSION = 1;
				DEVELOPMENT_TEAM = C5D647P8AF;
				GENERATE_INFOPLIST_FILE = YES;
				INFOPLIST_FILE = WeatherDemo/Info.plist;
				INFOPLIST_KEY_UIApplicationSupportsIndirectInputEvents = YES;
				INFOPLIST_KEY_UILaunchStoryboardName = LaunchScreen;
				INFOPLIST_KEY_UIMainStoryboardFile = Main;
				INFOPLIST_KEY_UISupportedInterfaceOrientations_iPad = "UIInterfaceOrientationPortrait UIInterfaceOrientationPortraitUpsideDown UIInterfaceOrientationLandscapeLeft UIInterfaceOrientationLandscapeRight";
				INFOPLIST_KEY_UISupportedInterfaceOrientations_iPhone = "UIInterfaceOrientationPortrait UIInterfaceOrientationLandscapeLeft UIInterfaceOrientationLandscapeRight";
				LD_RUNPATH_SEARCH_PATHS = (
					"$(inherited)",
					"@executable_path/Frameworks",
				);
				MARKETING_VERSION = 1.0;
				PRODUCT_BUNDLE_IDENTIFIER = none.WeatherDemo;
				PRODUCT_NAME = "$(TARGET_NAME)";
				SWIFT_EMIT_LOC_STRINGS = YES;
				SWIFT_VERSION = 5.0;
				TARGETED_DEVICE_FAMILY = "1,2";
			};
			name = Debug;
		};
		9133E8D72937626B00EC0C71 /* Release */ = {
			isa = XCBuildConfiguration;
			buildSettings = {
				ASSETCATALOG_COMPILER_APPICON_NAME = AppIcon;
				ASSETCATALOG_COMPILER_GLOBAL_ACCENT_COLOR_NAME = AccentColor;
				CODE_SIGN_STYLE = Automatic;
				CURRENT_PROJECT_VERSION = 1;
				DEVELOPMENT_TEAM = C5D647P8AF;
				GENERATE_INFOPLIST_FILE = YES;
				INFOPLIST_FILE = WeatherDemo/Info.plist;
				INFOPLIST_KEY_UIApplicationSupportsIndirectInputEvents = YES;
				INFOPLIST_KEY_UILaunchStoryboardName = LaunchScreen;
				INFOPLIST_KEY_UIMainStoryboardFile = Main;
				INFOPLIST_KEY_UISupportedInterfaceOrientations_iPad = "UIInterfaceOrientationPortrait UIInterfaceOrientationPortraitUpsideDown UIInterfaceOrientationLandscapeLeft UIInterfaceOrientationLandscapeRight";
				INFOPLIST_KEY_UISupportedInterfaceOrientations_iPhone = "UIInterfaceOrientationPortrait UIInterfaceOrientationLandscapeLeft UIInterfaceOrientationLandscapeRight";
				LD_RUNPATH_SEARCH_PATHS = (
					"$(inherited)",
					"@executable_path/Frameworks",
				);
				MARKETING_VERSION = 1.0;
				PRODUCT_BUNDLE_IDENTIFIER = none.WeatherDemo;
				PRODUCT_NAME = "$(TARGET_NAME)";
				SWIFT_EMIT_LOC_STRINGS = YES;
				SWIFT_VERSION = 5.0;
				TARGETED_DEVICE_FAMILY = "1,2";
			};
			name = Release;
		};
		9133E8D92937626B00EC0C71 /* Debug */ = {
			isa = XCBuildConfiguration;
			buildSettings = {
				ALWAYS_EMBED_SWIFT_STANDARD_LIBRARIES = YES;
				BUNDLE_LOADER = "$(TEST_HOST)";
				CODE_SIGN_STYLE = Automatic;
				CURRENT_PROJECT_VERSION = 1;
				DEVELOPMENT_TEAM = C5D647P8AF;
				GENERATE_INFOPLIST_FILE = YES;
				IPHONEOS_DEPLOYMENT_TARGET = 16.1;
				MARKETING_VERSION = 1.0;
				PRODUCT_BUNDLE_IDENTIFIER = none.WeatherDemoTests;
				PRODUCT_NAME = "$(TARGET_NAME)";
				SWIFT_EMIT_LOC_STRINGS = NO;
				SWIFT_VERSION = 5.0;
				TARGETED_DEVICE_FAMILY = "1,2";
				TEST_HOST = "$(BUILT_PRODUCTS_DIR)/WeatherDemo.app/$(BUNDLE_EXECUTABLE_FOLDER_PATH)/WeatherDemo";
			};
			name = Debug;
		};
		9133E8DA2937626B00EC0C71 /* Release */ = {
			isa = XCBuildConfiguration;
			buildSettings = {
				ALWAYS_EMBED_SWIFT_STANDARD_LIBRARIES = YES;
				BUNDLE_LOADER = "$(TEST_HOST)";
				CODE_SIGN_STYLE = Automatic;
				CURRENT_PROJECT_VERSION = 1;
				DEVELOPMENT_TEAM = C5D647P8AF;
				GENERATE_INFOPLIST_FILE = YES;
				IPHONEOS_DEPLOYMENT_TARGET = 16.1;
				MARKETING_VERSION = 1.0;
				PRODUCT_BUNDLE_IDENTIFIER = none.WeatherDemoTests;
				PRODUCT_NAME = "$(TARGET_NAME)";
				SWIFT_EMIT_LOC_STRINGS = NO;
				SWIFT_VERSION = 5.0;
				TARGETED_DEVICE_FAMILY = "1,2";
				TEST_HOST = "$(BUILT_PRODUCTS_DIR)/WeatherDemo.app/$(BUNDLE_EXECUTABLE_FOLDER_PATH)/WeatherDemo";
			};
			name = Release;
		};
/* End XCBuildConfiguration section */

/* Begin XCConfigurationList section */
		8F7181E72A552FE0009369A1 /* Build configuration list for PBXNativeTarget "WeatherDemoUITests" */ = {
			isa = XCConfigurationList;
			buildConfigurations = (
				8F7181E82A552FE0009369A1 /* Debug */,
				8F7181E92A552FE0009369A1 /* Release */,
			);
			defaultConfigurationIsVisible = 0;
			defaultConfigurationName = Release;
		};
		9133E8A62937626A00EC0C71 /* Build configuration list for PBXProject "WeatherDemo" */ = {
			isa = XCConfigurationList;
			buildConfigurations = (
				9133E8D32937626B00EC0C71 /* Debug */,
				9133E8D42937626B00EC0C71 /* Release */,
			);
			defaultConfigurationIsVisible = 0;
			defaultConfigurationName = Release;
		};
		9133E8D52937626B00EC0C71 /* Build configuration list for PBXNativeTarget "WeatherDemo" */ = {
			isa = XCConfigurationList;
			buildConfigurations = (
				9133E8D62937626B00EC0C71 /* Debug */,
				9133E8D72937626B00EC0C71 /* Release */,
			);
			defaultConfigurationIsVisible = 0;
			defaultConfigurationName = Release;
		};
		9133E8D82937626B00EC0C71 /* Build configuration list for PBXNativeTarget "WeatherDemoTests" */ = {
			isa = XCConfigurationList;
			buildConfigurations = (
				9133E8D92937626B00EC0C71 /* Debug */,
				9133E8DA2937626B00EC0C71 /* Release */,
			);
			defaultConfigurationIsVisible = 0;
			defaultConfigurationName = Release;
		};
/* End XCConfigurationList section */
	};
	rootObject = 9133E8A32937626A00EC0C71 /* Project object */;
}
